// !$*UTF8*$!
{
	archiveVersion = 1;
	classes = {
	};
	objectVersion = 50;
	objects = {

/* Begin PBXBuildFile section */
		19F12CA4588F8DA3C365B554 /* Pods_DeanzaClassRegister.framework in Frameworks */ = {isa = PBXBuildFile; fileRef = 92D8EB13270FB3FCA86AA013 /* Pods_DeanzaClassRegister.framework */; };
		9C320BB2216C0686007DD292 /* SignInViewController.swift in Sources */ = {isa = PBXBuildFile; fileRef = 9C320BB1216C0686007DD292 /* SignInViewController.swift */; };
		9C6955ED217A643700E496FB /* forgetPasswordViewController.swift in Sources */ = {isa = PBXBuildFile; fileRef = 9C6955EC217A643700E496FB /* forgetPasswordViewController.swift */; };
		9C9423312175513A0079C986 /* SignUpVC.swift in Sources */ = {isa = PBXBuildFile; fileRef = 9C9423302175513A0079C986 /* SignUpVC.swift */; };
		E1012B3921A11693009A59FF /* Info.swift in Sources */ = {isa = PBXBuildFile; fileRef = E1012B3821A11693009A59FF /* Info.swift */; };
		E1012B3B21A116C0009A59FF /* User.swift in Sources */ = {isa = PBXBuildFile; fileRef = E1012B3A21A116C0009A59FF /* User.swift */; };
		E1012B3D21A257BC009A59FF /* BriefData.swift in Sources */ = {isa = PBXBuildFile; fileRef = E1012B3C21A257BC009A59FF /* BriefData.swift */; };
		E1012B3F21A25838009A59FF /* Cached_lecture.swift in Sources */ = {isa = PBXBuildFile; fileRef = E1012B3E21A25838009A59FF /* Cached_lecture.swift */; };
		E1012B4121A258DC009A59FF /* BriefCourses.swift in Sources */ = {isa = PBXBuildFile; fileRef = E1012B4021A258DC009A59FF /* BriefCourses.swift */; };
		E1012B4521A2595C009A59FF /* BriefCourses2D.swift in Sources */ = {isa = PBXBuildFile; fileRef = E1012B4421A2595C009A59FF /* BriefCourses2D.swift */; };
		E1153659215F1BD800244F81 /* NotificationCell.swift in Sources */ = {isa = PBXBuildFile; fileRef = E1153658215F1BD800244F81 /* NotificationCell.swift */; };
		E13665EA212EE3610009EF0D /* detailViewController.swift in Sources */ = {isa = PBXBuildFile; fileRef = E13665E9212EE3610009EF0D /* detailViewController.swift */; };
		E13665EC213250800009EF0D /* Courses.swift in Sources */ = {isa = PBXBuildFile; fileRef = E13665EB213250800009EF0D /* Courses.swift */; };
		E13665EE2132508E0009EF0D /* Data.swift in Sources */ = {isa = PBXBuildFile; fileRef = E13665ED2132508E0009EF0D /* Data.swift */; };
		E13665F0213250970009EF0D /* Lecture.swift in Sources */ = {isa = PBXBuildFile; fileRef = E13665EF213250970009EF0D /* Lecture.swift */; };
		E13665F72136C5EA0009EF0D /* TableViewCell.swift in Sources */ = {isa = PBXBuildFile; fileRef = E13665F62136C5EA0009EF0D /* TableViewCell.swift */; };
		E138C490217A905C00766FE4 /* ChangePasswordVC.swift in Sources */ = {isa = PBXBuildFile; fileRef = E138C48F217A905C00766FE4 /* ChangePasswordVC.swift */; };
		E138C492217A90FA00766FE4 /* NewPasswordTableView.swift in Sources */ = {isa = PBXBuildFile; fileRef = E138C491217A90FA00766FE4 /* NewPasswordTableView.swift */; };
		E138C494217A935200766FE4 /* OldPasswordTB.swift in Sources */ = {isa = PBXBuildFile; fileRef = E138C493217A935200766FE4 /* OldPasswordTB.swift */; };
		E138C496217A943900766FE4 /* PasswordTableViewCell.swift in Sources */ = {isa = PBXBuildFile; fileRef = E138C495217A943900766FE4 /* PasswordTableViewCell.swift */; };
		E13C5F7F21481F9B0046F80C /* MenuLauncher.swift in Sources */ = {isa = PBXBuildFile; fileRef = E13C5F7E21481F9B0046F80C /* MenuLauncher.swift */; };
		E13C5F81214B86AA0046F80C /* MenuCollectionViewCell.swift in Sources */ = {isa = PBXBuildFile; fileRef = E13C5F80214B86AA0046F80C /* MenuCollectionViewCell.swift */; };
		E13C5F89214B93190046F80C /* NotificationViewController.swift in Sources */ = {isa = PBXBuildFile; fileRef = E13C5F88214B93190046F80C /* NotificationViewController.swift */; };
		E13C5F8B214B93250046F80C /* SettingViewController.swift in Sources */ = {isa = PBXBuildFile; fileRef = E13C5F8A214B93250046F80C /* SettingViewController.swift */; };
		E13C5F8D214B93300046F80C /* HelpViewController.swift in Sources */ = {isa = PBXBuildFile; fileRef = E13C5F8C214B93300046F80C /* HelpViewController.swift */; };
		E13C5F96215165350046F80C /* MenuButton.swift in Sources */ = {isa = PBXBuildFile; fileRef = E13C5F95215165350046F80C /* MenuButton.swift */; };
		E13C5F98215170330046F80C /* MenuBaseViewController.swift in Sources */ = {isa = PBXBuildFile; fileRef = E13C5F97215170330046F80C /* MenuBaseViewController.swift */; };
		E13EE0C020E3100800BBD60D /* AppDelegate.swift in Sources */ = {isa = PBXBuildFile; fileRef = E13EE0BF20E3100800BBD60D /* AppDelegate.swift */; };
		E13EE0C220E3100800BBD60D /* ViewController.swift in Sources */ = {isa = PBXBuildFile; fileRef = E13EE0C120E3100800BBD60D /* ViewController.swift */; };
		E13EE0C520E3100800BBD60D /* Main.storyboard in Resources */ = {isa = PBXBuildFile; fileRef = E13EE0C320E3100800BBD60D /* Main.storyboard */; };
		E13EE0C820E3100800BBD60D /* DeanzaClassRegister.xcdatamodeld in Sources */ = {isa = PBXBuildFile; fileRef = E13EE0C620E3100800BBD60D /* DeanzaClassRegister.xcdatamodeld */; };
		E13EE0CA20E3100C00BBD60D /* Assets.xcassets in Resources */ = {isa = PBXBuildFile; fileRef = E13EE0C920E3100C00BBD60D /* Assets.xcassets */; };
		E13EE0CD20E3100C00BBD60D /* LaunchScreen.storyboard in Resources */ = {isa = PBXBuildFile; fileRef = E13EE0CB20E3100C00BBD60D /* LaunchScreen.storyboard */; };
		E149232F21A5E86D0090514F /* CalendarVC.swift in Sources */ = {isa = PBXBuildFile; fileRef = E149232E21A5E86D0090514F /* CalendarVC.swift */; };
		E149233121A5EB300090514F /* CalendarTimeView.swift in Sources */ = {isa = PBXBuildFile; fileRef = E149233021A5EB300090514F /* CalendarTimeView.swift */; };
		E149233521A5EDAC0090514F /* CalendarDayView.swift in Sources */ = {isa = PBXBuildFile; fileRef = E149233421A5EDAC0090514F /* CalendarDayView.swift */; };
		E149233721A617270090514F /* CalendarView.swift in Sources */ = {isa = PBXBuildFile; fileRef = E149233621A617270090514F /* CalendarView.swift */; };
		E17A5BC221855ECB00C1F807 /* TabBarController.swift in Sources */ = {isa = PBXBuildFile; fileRef = E17A5BC121855ECB00C1F807 /* TabBarController.swift */; };
		E17EC3F6211EE5D100AA1D46 /* TableViewController.swift in Sources */ = {isa = PBXBuildFile; fileRef = E17EC3F5211EE5D100AA1D46 /* TableViewController.swift */; };
		E17EC3F8212AD60D00AA1D46 /* Courses2D.swift in Sources */ = {isa = PBXBuildFile; fileRef = E17EC3F7212AD60D00AA1D46 /* Courses2D.swift */; };
		E1C727F9217003110074ECA0 /* SettingCell.swift in Sources */ = {isa = PBXBuildFile; fileRef = E1C727F8217003110074ECA0 /* SettingCell.swift */; };
		E1C727FB217065380074ECA0 /* PreferenceView.swift in Sources */ = {isa = PBXBuildFile; fileRef = E1C727FA217065380074ECA0 /* PreferenceView.swift */; };
		E1C727FD21714B9E0074ECA0 /* NotifactionView.swift in Sources */ = {isa = PBXBuildFile; fileRef = E1C727FC21714B9E0074ECA0 /* NotifactionView.swift */; };
		E1C727FF2171542F0074ECA0 /* EditProfileViewController.swift in Sources */ = {isa = PBXBuildFile; fileRef = E1C727FE2171542F0074ECA0 /* EditProfileViewController.swift */; };
		E1C7E32521A7ABCD005EB72A /* CalendarCell.swift in Sources */ = {isa = PBXBuildFile; fileRef = E1C7E32421A7ABCD005EB72A /* CalendarCell.swift */; };
		E1E15F9321B1F7CB008B5D6C /* SubscribeJson.swift in Sources */ = {isa = PBXBuildFile; fileRef = E1E15F9221B1F7CB008B5D6C /* SubscribeJson.swift */; };
		E1E15F9521B1FADD008B5D6C /* Token.swift in Sources */ = {isa = PBXBuildFile; fileRef = E1E15F9421B1FADD008B5D6C /* Token.swift */; };
		E1ECAF9C217262F0006C9714 /* EditProfileCell.swift in Sources */ = {isa = PBXBuildFile; fileRef = E1ECAF9B217262F0006C9714 /* EditProfileCell.swift */; };
		E1ECAF9E217444FF006C9714 /* PhotoOptionTableView.swift in Sources */ = {isa = PBXBuildFile; fileRef = E1ECAF9D217444FF006C9714 /* PhotoOptionTableView.swift */; };
		E1F05C0221C439F800DC0D96 /* Crns.swift in Sources */ = {isa = PBXBuildFile; fileRef = E1F05C0121C439F800DC0D96 /* Crns.swift */; };
		E1F739202162E84B0024EA8E /* MyListViewController.swift in Sources */ = {isa = PBXBuildFile; fileRef = E1F7391F2162E84B0024EA8E /* MyListViewController.swift */; };
		E1F739222162E8AF0024EA8E /* SubscribeList.swift in Sources */ = {isa = PBXBuildFile; fileRef = E1F739212162E8AF0024EA8E /* SubscribeList.swift */; };
		E1F739242162EA5C0024EA8E /* FavoriteList.swift in Sources */ = {isa = PBXBuildFile; fileRef = E1F739232162EA5C0024EA8E /* FavoriteList.swift */; };
/* End PBXBuildFile section */

/* Begin PBXFileReference section */
		5883375924B84AA7FAC4B927 /* Pods-DeanzaClassRegister.release.xcconfig */ = {isa = PBXFileReference; includeInIndex = 1; lastKnownFileType = text.xcconfig; name = "Pods-DeanzaClassRegister.release.xcconfig"; path = "Pods/Target Support Files/Pods-DeanzaClassRegister/Pods-DeanzaClassRegister.release.xcconfig"; sourceTree = "<group>"; };
		71F65DD780C002CC4C57B85C /* Pods-DeanzaClassRegister.debug.xcconfig */ = {isa = PBXFileReference; includeInIndex = 1; lastKnownFileType = text.xcconfig; name = "Pods-DeanzaClassRegister.debug.xcconfig"; path = "Pods/Target Support Files/Pods-DeanzaClassRegister/Pods-DeanzaClassRegister.debug.xcconfig"; sourceTree = "<group>"; };
		92D8EB13270FB3FCA86AA013 /* Pods_DeanzaClassRegister.framework */ = {isa = PBXFileReference; explicitFileType = wrapper.framework; includeInIndex = 0; path = Pods_DeanzaClassRegister.framework; sourceTree = BUILT_PRODUCTS_DIR; };
		9C320BB1216C0686007DD292 /* SignInViewController.swift */ = {isa = PBXFileReference; lastKnownFileType = sourcecode.swift; path = SignInViewController.swift; sourceTree = "<group>"; };
		9C6955EC217A643700E496FB /* forgetPasswordViewController.swift */ = {isa = PBXFileReference; lastKnownFileType = sourcecode.swift; path = forgetPasswordViewController.swift; sourceTree = "<group>"; };
		9C9423302175513A0079C986 /* SignUpVC.swift */ = {isa = PBXFileReference; lastKnownFileType = sourcecode.swift; path = SignUpVC.swift; sourceTree = "<group>"; };
		E1012B3821A11693009A59FF /* Info.swift */ = {isa = PBXFileReference; lastKnownFileType = sourcecode.swift; path = Info.swift; sourceTree = "<group>"; };
		E1012B3A21A116C0009A59FF /* User.swift */ = {isa = PBXFileReference; lastKnownFileType = sourcecode.swift; path = User.swift; sourceTree = "<group>"; };
		E1012B3C21A257BC009A59FF /* BriefData.swift */ = {isa = PBXFileReference; lastKnownFileType = sourcecode.swift; path = BriefData.swift; sourceTree = "<group>"; };
		E1012B3E21A25838009A59FF /* Cached_lecture.swift */ = {isa = PBXFileReference; lastKnownFileType = sourcecode.swift; path = Cached_lecture.swift; sourceTree = "<group>"; };
		E1012B4021A258DC009A59FF /* BriefCourses.swift */ = {isa = PBXFileReference; lastKnownFileType = sourcecode.swift; path = BriefCourses.swift; sourceTree = "<group>"; };
		E1012B4421A2595C009A59FF /* BriefCourses2D.swift */ = {isa = PBXFileReference; lastKnownFileType = sourcecode.swift; path = BriefCourses2D.swift; sourceTree = "<group>"; };
		E1153658215F1BD800244F81 /* NotificationCell.swift */ = {isa = PBXFileReference; lastKnownFileType = sourcecode.swift; path = NotificationCell.swift; sourceTree = "<group>"; };
		E13665E9212EE3610009EF0D /* detailViewController.swift */ = {isa = PBXFileReference; lastKnownFileType = sourcecode.swift; path = detailViewController.swift; sourceTree = "<group>"; };
		E13665EB213250800009EF0D /* Courses.swift */ = {isa = PBXFileReference; lastKnownFileType = sourcecode.swift; path = Courses.swift; sourceTree = "<group>"; };
		E13665ED2132508E0009EF0D /* Data.swift */ = {isa = PBXFileReference; lastKnownFileType = sourcecode.swift; path = Data.swift; sourceTree = "<group>"; };
		E13665EF213250970009EF0D /* Lecture.swift */ = {isa = PBXFileReference; lastKnownFileType = sourcecode.swift; path = Lecture.swift; sourceTree = "<group>"; };
		E13665F62136C5EA0009EF0D /* TableViewCell.swift */ = {isa = PBXFileReference; lastKnownFileType = sourcecode.swift; path = TableViewCell.swift; sourceTree = "<group>"; };
		E138C48F217A905C00766FE4 /* ChangePasswordVC.swift */ = {isa = PBXFileReference; lastKnownFileType = sourcecode.swift; path = ChangePasswordVC.swift; sourceTree = "<group>"; };
		E138C491217A90FA00766FE4 /* NewPasswordTableView.swift */ = {isa = PBXFileReference; lastKnownFileType = sourcecode.swift; path = NewPasswordTableView.swift; sourceTree = "<group>"; };
		E138C493217A935200766FE4 /* OldPasswordTB.swift */ = {isa = PBXFileReference; lastKnownFileType = sourcecode.swift; path = OldPasswordTB.swift; sourceTree = "<group>"; };
		E138C495217A943900766FE4 /* PasswordTableViewCell.swift */ = {isa = PBXFileReference; lastKnownFileType = sourcecode.swift; path = PasswordTableViewCell.swift; sourceTree = "<group>"; };
		E13C5F7E21481F9B0046F80C /* MenuLauncher.swift */ = {isa = PBXFileReference; lastKnownFileType = sourcecode.swift; path = MenuLauncher.swift; sourceTree = "<group>"; };
		E13C5F80214B86AA0046F80C /* MenuCollectionViewCell.swift */ = {isa = PBXFileReference; lastKnownFileType = sourcecode.swift; path = MenuCollectionViewCell.swift; sourceTree = "<group>"; };
		E13C5F88214B93190046F80C /* NotificationViewController.swift */ = {isa = PBXFileReference; lastKnownFileType = sourcecode.swift; path = NotificationViewController.swift; sourceTree = "<group>"; };
		E13C5F8A214B93250046F80C /* SettingViewController.swift */ = {isa = PBXFileReference; lastKnownFileType = sourcecode.swift; path = SettingViewController.swift; sourceTree = "<group>"; };
		E13C5F8C214B93300046F80C /* HelpViewController.swift */ = {isa = PBXFileReference; lastKnownFileType = sourcecode.swift; path = HelpViewController.swift; sourceTree = "<group>"; };
		E13C5F95215165350046F80C /* MenuButton.swift */ = {isa = PBXFileReference; lastKnownFileType = sourcecode.swift; path = MenuButton.swift; sourceTree = "<group>"; };
		E13C5F97215170330046F80C /* MenuBaseViewController.swift */ = {isa = PBXFileReference; lastKnownFileType = sourcecode.swift; path = MenuBaseViewController.swift; sourceTree = "<group>"; };
		E13EE0BC20E3100800BBD60D /* DeanzaClassRegister.app */ = {isa = PBXFileReference; explicitFileType = wrapper.application; includeInIndex = 0; path = DeanzaClassRegister.app; sourceTree = BUILT_PRODUCTS_DIR; };
		E13EE0BF20E3100800BBD60D /* AppDelegate.swift */ = {isa = PBXFileReference; lastKnownFileType = sourcecode.swift; path = AppDelegate.swift; sourceTree = "<group>"; };
		E13EE0C120E3100800BBD60D /* ViewController.swift */ = {isa = PBXFileReference; lastKnownFileType = sourcecode.swift; path = ViewController.swift; sourceTree = "<group>"; };
		E13EE0C420E3100800BBD60D /* Base */ = {isa = PBXFileReference; lastKnownFileType = file.storyboard; name = Base; path = Base.lproj/Main.storyboard; sourceTree = "<group>"; };
		E13EE0C720E3100800BBD60D /* DeanzaClassRegister.xcdatamodel */ = {isa = PBXFileReference; lastKnownFileType = wrapper.xcdatamodel; path = DeanzaClassRegister.xcdatamodel; sourceTree = "<group>"; };
		E13EE0C920E3100C00BBD60D /* Assets.xcassets */ = {isa = PBXFileReference; lastKnownFileType = folder.assetcatalog; path = Assets.xcassets; sourceTree = "<group>"; };
		E13EE0CC20E3100C00BBD60D /* Base */ = {isa = PBXFileReference; lastKnownFileType = file.storyboard; name = Base; path = Base.lproj/LaunchScreen.storyboard; sourceTree = "<group>"; };
		E13EE0CE20E3100C00BBD60D /* Info.plist */ = {isa = PBXFileReference; lastKnownFileType = text.plist.xml; path = Info.plist; sourceTree = "<group>"; };
		E149232E21A5E86D0090514F /* CalendarVC.swift */ = {isa = PBXFileReference; lastKnownFileType = sourcecode.swift; path = CalendarVC.swift; sourceTree = "<group>"; };
		E149233021A5EB300090514F /* CalendarTimeView.swift */ = {isa = PBXFileReference; lastKnownFileType = sourcecode.swift; path = CalendarTimeView.swift; sourceTree = "<group>"; };
		E149233421A5EDAC0090514F /* CalendarDayView.swift */ = {isa = PBXFileReference; lastKnownFileType = sourcecode.swift; path = CalendarDayView.swift; sourceTree = "<group>"; };
		E149233621A617270090514F /* CalendarView.swift */ = {isa = PBXFileReference; lastKnownFileType = sourcecode.swift; path = CalendarView.swift; sourceTree = "<group>"; };
		E17A5BC121855ECB00C1F807 /* TabBarController.swift */ = {isa = PBXFileReference; lastKnownFileType = sourcecode.swift; path = TabBarController.swift; sourceTree = "<group>"; };
		E17EC3F5211EE5D100AA1D46 /* TableViewController.swift */ = {isa = PBXFileReference; lastKnownFileType = sourcecode.swift; path = TableViewController.swift; sourceTree = "<group>"; };
		E17EC3F7212AD60D00AA1D46 /* Courses2D.swift */ = {isa = PBXFileReference; lastKnownFileType = sourcecode.swift; path = Courses2D.swift; sourceTree = "<group>"; };
		E1C727F8217003110074ECA0 /* SettingCell.swift */ = {isa = PBXFileReference; lastKnownFileType = sourcecode.swift; path = SettingCell.swift; sourceTree = "<group>"; };
		E1C727FA217065380074ECA0 /* PreferenceView.swift */ = {isa = PBXFileReference; lastKnownFileType = sourcecode.swift; path = PreferenceView.swift; sourceTree = "<group>"; };
		E1C727FC21714B9E0074ECA0 /* NotifactionView.swift */ = {isa = PBXFileReference; lastKnownFileType = sourcecode.swift; path = NotifactionView.swift; sourceTree = "<group>"; };
		E1C727FE2171542F0074ECA0 /* EditProfileViewController.swift */ = {isa = PBXFileReference; lastKnownFileType = sourcecode.swift; path = EditProfileViewController.swift; sourceTree = "<group>"; };
		E1C7E32421A7ABCD005EB72A /* CalendarCell.swift */ = {isa = PBXFileReference; lastKnownFileType = sourcecode.swift; path = CalendarCell.swift; sourceTree = "<group>"; };
		E1E15F9221B1F7CB008B5D6C /* SubscribeJson.swift */ = {isa = PBXFileReference; lastKnownFileType = sourcecode.swift; path = SubscribeJson.swift; sourceTree = "<group>"; };
		E1E15F9421B1FADD008B5D6C /* Token.swift */ = {isa = PBXFileReference; lastKnownFileType = sourcecode.swift; path = Token.swift; sourceTree = "<group>"; };
		E1ECAF9B217262F0006C9714 /* EditProfileCell.swift */ = {isa = PBXFileReference; lastKnownFileType = sourcecode.swift; path = EditProfileCell.swift; sourceTree = "<group>"; };
		E1ECAF9D217444FF006C9714 /* PhotoOptionTableView.swift */ = {isa = PBXFileReference; lastKnownFileType = sourcecode.swift; path = PhotoOptionTableView.swift; sourceTree = "<group>"; };
		E1F05C0121C439F800DC0D96 /* Crns.swift */ = {isa = PBXFileReference; lastKnownFileType = sourcecode.swift; path = Crns.swift; sourceTree = "<group>"; };
		E1F7391F2162E84B0024EA8E /* MyListViewController.swift */ = {isa = PBXFileReference; lastKnownFileType = sourcecode.swift; path = MyListViewController.swift; sourceTree = "<group>"; };
		E1F739212162E8AF0024EA8E /* SubscribeList.swift */ = {isa = PBXFileReference; lastKnownFileType = sourcecode.swift; path = SubscribeList.swift; sourceTree = "<group>"; };
		E1F739232162EA5C0024EA8E /* FavoriteList.swift */ = {isa = PBXFileReference; lastKnownFileType = sourcecode.swift; path = FavoriteList.swift; sourceTree = "<group>"; };
/* End PBXFileReference section */

/* Begin PBXFrameworksBuildPhase section */
		E13EE0B920E3100800BBD60D /* Frameworks */ = {
			isa = PBXFrameworksBuildPhase;
			buildActionMask = 2147483647;
			files = (
				19F12CA4588F8DA3C365B554 /* Pods_DeanzaClassRegister.framework in Frameworks */,
			);
			runOnlyForDeploymentPostprocessing = 0;
		};
/* End PBXFrameworksBuildPhase section */

/* Begin PBXGroup section */
		A82995D78026AFB02460A980 /* Frameworks */ = {
			isa = PBXGroup;
			children = (
				92D8EB13270FB3FCA86AA013 /* Pods_DeanzaClassRegister.framework */,
			);
			name = Frameworks;
			sourceTree = "<group>";
		};
		E1012B4221A2591F009A59FF /* Brief */ = {
			isa = PBXGroup;
			children = (
				E1012B4421A2595C009A59FF /* BriefCourses2D.swift */,
				E1012B4021A258DC009A59FF /* BriefCourses.swift */,
				E1012B3C21A257BC009A59FF /* BriefData.swift */,
				E1012B3E21A25838009A59FF /* Cached_lecture.swift */,
			);
			path = Brief;
			sourceTree = "<group>";
		};
		E1012B4321A25930009A59FF /* Detail */ = {
			isa = PBXGroup;
			children = (
				E17EC3F7212AD60D00AA1D46 /* Courses2D.swift */,
				E13665EB213250800009EF0D /* Courses.swift */,
				E13665ED2132508E0009EF0D /* Data.swift */,
				E13665EF213250970009EF0D /* Lecture.swift */,
			);
			path = Detail;
			sourceTree = "<group>";
		};
		E13665F1213250E40009EF0D /* Model */ = {
			isa = PBXGroup;
			children = (
				E1012B4221A2591F009A59FF /* Brief */,
				E1012B4321A25930009A59FF /* Detail */,
				E1012B3821A11693009A59FF /* Info.swift */,
				E1012B3A21A116C0009A59FF /* User.swift */,
				E1E15F9221B1F7CB008B5D6C /* SubscribeJson.swift */,
				E1E15F9421B1FADD008B5D6C /* Token.swift */,
				E1F05C0121C439F800DC0D96 /* Crns.swift */,
			);
			path = Model;
			sourceTree = "<group>";
		};
		E13665F2213251110009EF0D /* Controller */ = {
			isa = PBXGroup;
			children = (
				E13C5F7E21481F9B0046F80C /* MenuLauncher.swift */,
				E17EC3F5211EE5D100AA1D46 /* TableViewController.swift */,
				E13665E9212EE3610009EF0D /* detailViewController.swift */,
				E13C5F90214B93450046F80C /* MenuViewControllers */,
			);
			path = Controller;
			sourceTree = "<group>";
		};
		E13665F52136C5060009EF0D /* View */ = {
			isa = PBXGroup;
			children = (
				E13665F62136C5EA0009EF0D /* TableViewCell.swift */,
				E1C727F8217003110074ECA0 /* SettingCell.swift */,
				E1F739212162E8AF0024EA8E /* SubscribeList.swift */,
				E1F739232162EA5C0024EA8E /* FavoriteList.swift */,
				E1153658215F1BD800244F81 /* NotificationCell.swift */,
				E13C5F95215165350046F80C /* MenuButton.swift */,
				E13C5F80214B86AA0046F80C /* MenuCollectionViewCell.swift */,
			);
			path = View;
			sourceTree = "<group>";
		};
		E138C48B217A56F500766FE4 /* SettingVC */ = {
			isa = PBXGroup;
			children = (
				E13C5F8A214B93250046F80C /* SettingViewController.swift */,
				E1F7391F2162E84B0024EA8E /* MyListViewController.swift */,
				E1C727FE2171542F0074ECA0 /* EditProfileViewController.swift */,
				E138C48F217A905C00766FE4 /* ChangePasswordVC.swift */,
				E138C48C217A571200766FE4 /* View */,
			);
			path = SettingVC;
			sourceTree = "<group>";
		};
		E138C48C217A571200766FE4 /* View */ = {
			isa = PBXGroup;
			children = (
				E1ECAF9B217262F0006C9714 /* EditProfileCell.swift */,
				E138C495217A943900766FE4 /* PasswordTableViewCell.swift */,
				E138C493217A935200766FE4 /* OldPasswordTB.swift */,
				E138C491217A90FA00766FE4 /* NewPasswordTableView.swift */,
				E1ECAF9D217444FF006C9714 /* PhotoOptionTableView.swift */,
				E1C727FA217065380074ECA0 /* PreferenceView.swift */,
				E1C727FC21714B9E0074ECA0 /* NotifactionView.swift */,
			);
			path = View;
			sourceTree = "<group>";
		};
		E13C5F90214B93450046F80C /* MenuViewControllers */ = {
			isa = PBXGroup;
			children = (
				E13C5F88214B93190046F80C /* NotificationViewController.swift */,
				E13C5F8C214B93300046F80C /* HelpViewController.swift */,
				E13C5F97215170330046F80C /* MenuBaseViewController.swift */,
				E138C48B217A56F500766FE4 /* SettingVC */,
			);
			path = MenuViewControllers;
			sourceTree = "<group>";
		};
		E13EE0B320E3100800BBD60D = {
			isa = PBXGroup;
			children = (
				E13EE0BE20E3100800BBD60D /* DeanzaClassRegister */,
				E13EE0BD20E3100800BBD60D /* Products */,
				ED66A9EBB45D7A871A7C6B54 /* Pods */,
				A82995D78026AFB02460A980 /* Frameworks */,
			);
			sourceTree = "<group>";
		};
		E13EE0BD20E3100800BBD60D /* Products */ = {
			isa = PBXGroup;
			children = (
				E13EE0BC20E3100800BBD60D /* DeanzaClassRegister.app */,
			);
			name = Products;
			sourceTree = "<group>";
		};
		E13EE0BE20E3100800BBD60D /* DeanzaClassRegister */ = {
			isa = PBXGroup;
			children = (
				E13EE0BF20E3100800BBD60D /* AppDelegate.swift */,
				E13EE0C120E3100800BBD60D /* ViewController.swift */,
				E17A5BC121855ECB00C1F807 /* TabBarController.swift */,
				E149233221A5EB610090514F /* Calendar */,
				E1C319E52183E45600CC6DDF /* LoginSystem */,
				E13665F52136C5060009EF0D /* View */,
				E13665F1213250E40009EF0D /* Model */,
				E13665F2213251110009EF0D /* Controller */,
				E13EE0C320E3100800BBD60D /* Main.storyboard */,
				E13EE0C920E3100C00BBD60D /* Assets.xcassets */,
				E13EE0CB20E3100C00BBD60D /* LaunchScreen.storyboard */,
				E13EE0CE20E3100C00BBD60D /* Info.plist */,
				E13EE0C620E3100800BBD60D /* DeanzaClassRegister.xcdatamodeld */,
			);
			path = DeanzaClassRegister;
			sourceTree = "<group>";
		};
		E149233221A5EB610090514F /* Calendar */ = {
			isa = PBXGroup;
			children = (
				E149232E21A5E86D0090514F /* CalendarVC.swift */,
				E149233321A5EB810090514F /* View */,
			);
			path = Calendar;
			sourceTree = "<group>";
		};
		E149233321A5EB810090514F /* View */ = {
			isa = PBXGroup;
			children = (
				E149233021A5EB300090514F /* CalendarTimeView.swift */,
				E149233421A5EDAC0090514F /* CalendarDayView.swift */,
				E149233621A617270090514F /* CalendarView.swift */,
				E1C7E32421A7ABCD005EB72A /* CalendarCell.swift */,
			);
			path = View;
			sourceTree = "<group>";
		};
		E1C319E52183E45600CC6DDF /* LoginSystem */ = {
			isa = PBXGroup;
			children = (
				9C320BB1216C0686007DD292 /* SignInViewController.swift */,
				9C6955EC217A643700E496FB /* forgetPasswordViewController.swift */,
				9C9423302175513A0079C986 /* SignUpVC.swift */,
			);
			path = LoginSystem;
			sourceTree = "<group>";
		};
		ED66A9EBB45D7A871A7C6B54 /* Pods */ = {
			isa = PBXGroup;
			children = (
				71F65DD780C002CC4C57B85C /* Pods-DeanzaClassRegister.debug.xcconfig */,
				5883375924B84AA7FAC4B927 /* Pods-DeanzaClassRegister.release.xcconfig */,
			);
			name = Pods;
			sourceTree = "<group>";
		};
/* End PBXGroup section */

/* Begin PBXNativeTarget section */
		E13EE0BB20E3100800BBD60D /* DeanzaClassRegister */ = {
			isa = PBXNativeTarget;
			buildConfigurationList = E13EE0D120E3100C00BBD60D /* Build configuration list for PBXNativeTarget "DeanzaClassRegister" */;
			buildPhases = (
				1207D69B54CDC6BCCA9E1CC5 /* [CP] Check Pods Manifest.lock */,
				E13EE0B820E3100800BBD60D /* Sources */,
				E13EE0B920E3100800BBD60D /* Frameworks */,
				E13EE0BA20E3100800BBD60D /* Resources */,
				F5F21FE026325FC6B0D80DDC /* [CP] Embed Pods Frameworks */,
			);
			buildRules = (
			);
			dependencies = (
			);
			name = DeanzaClassRegister;
			productName = DeanzaClassRegister;
			productReference = E13EE0BC20E3100800BBD60D /* DeanzaClassRegister.app */;
			productType = "com.apple.product-type.application";
		};
/* End PBXNativeTarget section */

/* Begin PBXProject section */
		E13EE0B420E3100800BBD60D /* Project object */ = {
			isa = PBXProject;
			attributes = {
				LastSwiftUpdateCheck = 0940;
				LastUpgradeCheck = 0940;
				ORGANIZATIONNAME = "Alvin Lin";
				TargetAttributes = {
					E13EE0BB20E3100800BBD60D = {
						CreatedOnToolsVersion = 9.4.1;
						LastSwiftMigration = 1000;
					};
				};
			};
			buildConfigurationList = E13EE0B720E3100800BBD60D /* Build configuration list for PBXProject "DeanzaClassRegister" */;
			compatibilityVersion = "Xcode 9.3";
			developmentRegion = en;
			hasScannedForEncodings = 0;
			knownRegions = (
				en,
				Base,
			);
			mainGroup = E13EE0B320E3100800BBD60D;
			productRefGroup = E13EE0BD20E3100800BBD60D /* Products */;
			projectDirPath = "";
			projectRoot = "";
			targets = (
				E13EE0BB20E3100800BBD60D /* DeanzaClassRegister */,
			);
		};
/* End PBXProject section */

/* Begin PBXResourcesBuildPhase section */
		E13EE0BA20E3100800BBD60D /* Resources */ = {
			isa = PBXResourcesBuildPhase;
			buildActionMask = 2147483647;
			files = (
				E13EE0CD20E3100C00BBD60D /* LaunchScreen.storyboard in Resources */,
				E13EE0CA20E3100C00BBD60D /* Assets.xcassets in Resources */,
				E13EE0C520E3100800BBD60D /* Main.storyboard in Resources */,
			);
			runOnlyForDeploymentPostprocessing = 0;
		};
/* End PBXResourcesBuildPhase section */

/* Begin PBXShellScriptBuildPhase section */
		1207D69B54CDC6BCCA9E1CC5 /* [CP] Check Pods Manifest.lock */ = {
			isa = PBXShellScriptBuildPhase;
			buildActionMask = 2147483647;
			files = (
			);
			inputPaths = (
				"${PODS_PODFILE_DIR_PATH}/Podfile.lock",
				"${PODS_ROOT}/Manifest.lock",
			);
			name = "[CP] Check Pods Manifest.lock";
			outputPaths = (
				"$(DERIVED_FILE_DIR)/Pods-DeanzaClassRegister-checkManifestLockResult.txt",
			);
			runOnlyForDeploymentPostprocessing = 0;
			shellPath = /bin/sh;
			shellScript = "diff \"${PODS_PODFILE_DIR_PATH}/Podfile.lock\" \"${PODS_ROOT}/Manifest.lock\" > /dev/null\nif [ $? != 0 ] ; then\n    # print error to STDERR\n    echo \"error: The sandbox is not in sync with the Podfile.lock. Run 'pod install' or update your CocoaPods installation.\" >&2\n    exit 1\nfi\n# This output is used by Xcode 'outputs' to avoid re-running this script phase.\necho \"SUCCESS\" > \"${SCRIPT_OUTPUT_FILE_0}\"\n";
			showEnvVarsInLog = 0;
		};
		F5F21FE026325FC6B0D80DDC /* [CP] Embed Pods Frameworks */ = {
			isa = PBXShellScriptBuildPhase;
			buildActionMask = 2147483647;
			files = (
			);
			inputPaths = (
				"${SRCROOT}/Pods/Target Support Files/Pods-DeanzaClassRegister/Pods-DeanzaClassRegister-frameworks.sh",
				"${BUILT_PRODUCTS_DIR}/SVProgressHUD/SVProgressHUD.framework",
				"${BUILT_PRODUCTS_DIR}/SimpleCheckbox/SimpleCheckbox.framework",
			);
			name = "[CP] Embed Pods Frameworks";
			outputPaths = (
				"${TARGET_BUILD_DIR}/${FRAMEWORKS_FOLDER_PATH}/SVProgressHUD.framework",
				"${TARGET_BUILD_DIR}/${FRAMEWORKS_FOLDER_PATH}/SimpleCheckbox.framework",
			);
			runOnlyForDeploymentPostprocessing = 0;
			shellPath = /bin/sh;
			shellScript = "\"${SRCROOT}/Pods/Target Support Files/Pods-DeanzaClassRegister/Pods-DeanzaClassRegister-frameworks.sh\"\n";
			showEnvVarsInLog = 0;
		};
/* End PBXShellScriptBuildPhase section */

/* Begin PBXSourcesBuildPhase section */
		E13EE0B820E3100800BBD60D /* Sources */ = {
			isa = PBXSourcesBuildPhase;
			buildActionMask = 2147483647;
			files = (
				E138C494217A935200766FE4 /* OldPasswordTB.swift in Sources */,
				E1C7E32521A7ABCD005EB72A /* CalendarCell.swift in Sources */,
				E1C727FF2171542F0074ECA0 /* EditProfileViewController.swift in Sources */,
				E1E15F9321B1F7CB008B5D6C /* SubscribeJson.swift in Sources */,
				E149233121A5EB300090514F /* CalendarTimeView.swift in Sources */,
				9C9423312175513A0079C986 /* SignUpVC.swift in Sources */,
				9C6955ED217A643700E496FB /* forgetPasswordViewController.swift in Sources */,
				E149233721A617270090514F /* CalendarView.swift in Sources */,
				9C320BB2216C0686007DD292 /* SignInViewController.swift in Sources */,
				E13EE0C820E3100800BBD60D /* DeanzaClassRegister.xcdatamodeld in Sources */,
				E13EE0C220E3100800BBD60D /* ViewController.swift in Sources */,
				E13C5F89214B93190046F80C /* NotificationViewController.swift in Sources */,
				E17EC3F8212AD60D00AA1D46 /* Courses2D.swift in Sources */,
				E1012B4121A258DC009A59FF /* BriefCourses.swift in Sources */,
				E1012B3F21A25838009A59FF /* Cached_lecture.swift in Sources */,
				E1012B4521A2595C009A59FF /* BriefCourses2D.swift in Sources */,
				E13C5F8B214B93250046F80C /* SettingViewController.swift in Sources */,
				E13665F0213250970009EF0D /* Lecture.swift in Sources */,
				E1ECAF9E217444FF006C9714 /* PhotoOptionTableView.swift in Sources */,
				E1F739242162EA5C0024EA8E /* FavoriteList.swift in Sources */,
				E1F05C0221C439F800DC0D96 /* Crns.swift in Sources */,
				E1C727FD21714B9E0074ECA0 /* NotifactionView.swift in Sources */,
				E138C496217A943900766FE4 /* PasswordTableViewCell.swift in Sources */,
				E13665EC213250800009EF0D /* Courses.swift in Sources */,
				E13665F72136C5EA0009EF0D /* TableViewCell.swift in Sources */,
				E13EE0C020E3100800BBD60D /* AppDelegate.swift in Sources */,
				E17A5BC221855ECB00C1F807 /* TabBarController.swift in Sources */,
				E138C490217A905C00766FE4 /* ChangePasswordVC.swift in Sources */,
				E13C5F96215165350046F80C /* MenuButton.swift in Sources */,
				E1012B3921A11693009A59FF /* Info.swift in Sources */,
				E1153659215F1BD800244F81 /* NotificationCell.swift in Sources */,
				E1012B3B21A116C0009A59FF /* User.swift in Sources */,
				E1C727F9217003110074ECA0 /* SettingCell.swift in Sources */,
				E1F739222162E8AF0024EA8E /* SubscribeList.swift in Sources */,
				E13C5F7F21481F9B0046F80C /* MenuLauncher.swift in Sources */,
				E13665EA212EE3610009EF0D /* detailViewController.swift in Sources */,
				E1C727FB217065380074ECA0 /* PreferenceView.swift in Sources */,
				E149232F21A5E86D0090514F /* CalendarVC.swift in Sources */,
				E1F739202162E84B0024EA8E /* MyListViewController.swift in Sources */,
				E13C5F8D214B93300046F80C /* HelpViewController.swift in Sources */,
				E1E15F9521B1FADD008B5D6C /* Token.swift in Sources */,
				E1ECAF9C217262F0006C9714 /* EditProfileCell.swift in Sources */,
				E138C492217A90FA00766FE4 /* NewPasswordTableView.swift in Sources */,
				E13665EE2132508E0009EF0D /* Data.swift in Sources */,
				E17EC3F6211EE5D100AA1D46 /* TableViewController.swift in Sources */,
				E13C5F98215170330046F80C /* MenuBaseViewController.swift in Sources */,
				E1012B3D21A257BC009A59FF /* BriefData.swift in Sources */,
				E13C5F81214B86AA0046F80C /* MenuCollectionViewCell.swift in Sources */,
				E149233521A5EDAC0090514F /* CalendarDayView.swift in Sources */,
			);
			runOnlyForDeploymentPostprocessing = 0;
		};
/* End PBXSourcesBuildPhase section */

/* Begin PBXVariantGroup section */
		E13EE0C320E3100800BBD60D /* Main.storyboard */ = {
			isa = PBXVariantGroup;
			children = (
				E13EE0C420E3100800BBD60D /* Base */,
			);
			name = Main.storyboard;
			sourceTree = "<group>";
		};
		E13EE0CB20E3100C00BBD60D /* LaunchScreen.storyboard */ = {
			isa = PBXVariantGroup;
			children = (
				E13EE0CC20E3100C00BBD60D /* Base */,
			);
			name = LaunchScreen.storyboard;
			sourceTree = "<group>";
		};
/* End PBXVariantGroup section */

/* Begin XCBuildConfiguration section */
		E13EE0CF20E3100C00BBD60D /* Debug */ = {
			isa = XCBuildConfiguration;
			buildSettings = {
				ALWAYS_SEARCH_USER_PATHS = NO;
				CLANG_ANALYZER_NONNULL = YES;
				CLANG_ANALYZER_NUMBER_OBJECT_CONVERSION = YES_AGGRESSIVE;
				CLANG_CXX_LANGUAGE_STANDARD = "gnu++14";
				CLANG_CXX_LIBRARY = "libc++";
				CLANG_ENABLE_MODULES = YES;
				CLANG_ENABLE_OBJC_ARC = YES;
				CLANG_ENABLE_OBJC_WEAK = YES;
				CLANG_WARN_BLOCK_CAPTURE_AUTORELEASING = YES;
				CLANG_WARN_BOOL_CONVERSION = YES;
				CLANG_WARN_COMMA = YES;
				CLANG_WARN_CONSTANT_CONVERSION = YES;
				CLANG_WARN_DEPRECATED_OBJC_IMPLEMENTATIONS = YES;
				CLANG_WARN_DIRECT_OBJC_ISA_USAGE = YES_ERROR;
				CLANG_WARN_DOCUMENTATION_COMMENTS = YES;
				CLANG_WARN_EMPTY_BODY = YES;
				CLANG_WARN_ENUM_CONVERSION = YES;
				CLANG_WARN_INFINITE_RECURSION = YES;
				CLANG_WARN_INT_CONVERSION = YES;
				CLANG_WARN_NON_LITERAL_NULL_CONVERSION = YES;
				CLANG_WARN_OBJC_IMPLICIT_RETAIN_SELF = YES;
				CLANG_WARN_OBJC_LITERAL_CONVERSION = YES;
				CLANG_WARN_OBJC_ROOT_CLASS = YES_ERROR;
				CLANG_WARN_RANGE_LOOP_ANALYSIS = YES;
				CLANG_WARN_STRICT_PROTOTYPES = YES;
				CLANG_WARN_SUSPICIOUS_MOVE = YES;
				CLANG_WARN_UNGUARDED_AVAILABILITY = YES_AGGRESSIVE;
				CLANG_WARN_UNREACHABLE_CODE = YES;
				CLANG_WARN__DUPLICATE_METHOD_MATCH = YES;
				CODE_SIGN_IDENTITY = "iPhone Developer";
				COPY_PHASE_STRIP = NO;
				DEBUG_INFORMATION_FORMAT = dwarf;
				ENABLE_STRICT_OBJC_MSGSEND = YES;
				ENABLE_TESTABILITY = YES;
				GCC_C_LANGUAGE_STANDARD = gnu11;
				GCC_DYNAMIC_NO_PIC = NO;
				GCC_NO_COMMON_BLOCKS = YES;
				GCC_OPTIMIZATION_LEVEL = 0;
				GCC_PREPROCESSOR_DEFINITIONS = (
					"DEBUG=1",
					"$(inherited)",
				);
				GCC_WARN_64_TO_32_BIT_CONVERSION = YES;
				GCC_WARN_ABOUT_RETURN_TYPE = YES_ERROR;
				GCC_WARN_UNDECLARED_SELECTOR = YES;
				GCC_WARN_UNINITIALIZED_AUTOS = YES_AGGRESSIVE;
				GCC_WARN_UNUSED_FUNCTION = YES;
				GCC_WARN_UNUSED_VARIABLE = YES;
				IPHONEOS_DEPLOYMENT_TARGET = 11.4;
				MTL_ENABLE_DEBUG_INFO = YES;
				ONLY_ACTIVE_ARCH = YES;
				SDKROOT = iphoneos;
				SWIFT_ACTIVE_COMPILATION_CONDITIONS = DEBUG;
				SWIFT_OPTIMIZATION_LEVEL = "-Onone";
			};
			name = Debug;
		};
		E13EE0D020E3100C00BBD60D /* Release */ = {
			isa = XCBuildConfiguration;
			buildSettings = {
				ALWAYS_SEARCH_USER_PATHS = NO;
				CLANG_ANALYZER_NONNULL = YES;
				CLANG_ANALYZER_NUMBER_OBJECT_CONVERSION = YES_AGGRESSIVE;
				CLANG_CXX_LANGUAGE_STANDARD = "gnu++14";
				CLANG_CXX_LIBRARY = "libc++";
				CLANG_ENABLE_MODULES = YES;
				CLANG_ENABLE_OBJC_ARC = YES;
				CLANG_ENABLE_OBJC_WEAK = YES;
				CLANG_WARN_BLOCK_CAPTURE_AUTORELEASING = YES;
				CLANG_WARN_BOOL_CONVERSION = YES;
				CLANG_WARN_COMMA = YES;
				CLANG_WARN_CONSTANT_CONVERSION = YES;
				CLANG_WARN_DEPRECATED_OBJC_IMPLEMENTATIONS = YES;
				CLANG_WARN_DIRECT_OBJC_ISA_USAGE = YES_ERROR;
				CLANG_WARN_DOCUMENTATION_COMMENTS = YES;
				CLANG_WARN_EMPTY_BODY = YES;
				CLANG_WARN_ENUM_CONVERSION = YES;
				CLANG_WARN_INFINITE_RECURSION = YES;
				CLANG_WARN_INT_CONVERSION = YES;
				CLANG_WARN_NON_LITERAL_NULL_CONVERSION = YES;
				CLANG_WARN_OBJC_IMPLICIT_RETAIN_SELF = YES;
				CLANG_WARN_OBJC_LITERAL_CONVERSION = YES;
				CLANG_WARN_OBJC_ROOT_CLASS = YES_ERROR;
				CLANG_WARN_RANGE_LOOP_ANALYSIS = YES;
				CLANG_WARN_STRICT_PROTOTYPES = YES;
				CLANG_WARN_SUSPICIOUS_MOVE = YES;
				CLANG_WARN_UNGUARDED_AVAILABILITY = YES_AGGRESSIVE;
				CLANG_WARN_UNREACHABLE_CODE = YES;
				CLANG_WARN__DUPLICATE_METHOD_MATCH = YES;
				CODE_SIGN_IDENTITY = "iPhone Developer";
				COPY_PHASE_STRIP = NO;
				DEBUG_INFORMATION_FORMAT = "dwarf-with-dsym";
				ENABLE_NS_ASSERTIONS = NO;
				ENABLE_STRICT_OBJC_MSGSEND = YES;
				GCC_C_LANGUAGE_STANDARD = gnu11;
				GCC_NO_COMMON_BLOCKS = YES;
				GCC_WARN_64_TO_32_BIT_CONVERSION = YES;
				GCC_WARN_ABOUT_RETURN_TYPE = YES_ERROR;
				GCC_WARN_UNDECLARED_SELECTOR = YES;
				GCC_WARN_UNINITIALIZED_AUTOS = YES_AGGRESSIVE;
				GCC_WARN_UNUSED_FUNCTION = YES;
				GCC_WARN_UNUSED_VARIABLE = YES;
				IPHONEOS_DEPLOYMENT_TARGET = 11.4;
				MTL_ENABLE_DEBUG_INFO = NO;
				SDKROOT = iphoneos;
				SWIFT_COMPILATION_MODE = wholemodule;
				SWIFT_OPTIMIZATION_LEVEL = "-O";
				VALIDATE_PRODUCT = YES;
			};
			name = Release;
		};
		E13EE0D220E3100C00BBD60D /* Debug */ = {
			isa = XCBuildConfiguration;
			baseConfigurationReference = 71F65DD780C002CC4C57B85C /* Pods-DeanzaClassRegister.debug.xcconfig */;
			buildSettings = {
				ASSETCATALOG_COMPILER_APPICON_NAME = AppIcon;
				CODE_SIGN_STYLE = Automatic;
				DEVELOPMENT_TEAM = NG87J4X424;
				INFOPLIST_FILE = DeanzaClassRegister/Info.plist;
				IPHONEOS_DEPLOYMENT_TARGET = 11.3;
				LD_RUNPATH_SEARCH_PATHS = (
					"$(inherited)",
					"@executable_path/Frameworks",
				);
				PRODUCT_BUNDLE_IDENTIFIER = Alvin.DeanzaClassRegister;
				PRODUCT_NAME = "$(TARGET_NAME)";
				SWIFT_VERSION = 4.2;
				TARGETED_DEVICE_FAMILY = "1,2";
			};
			name = Debug;
		};
		E13EE0D320E3100C00BBD60D /* Release */ = {
			isa = XCBuildConfiguration;
			baseConfigurationReference = 5883375924B84AA7FAC4B927 /* Pods-DeanzaClassRegister.release.xcconfig */;
			buildSettings = {
				ASSETCATALOG_COMPILER_APPICON_NAME = AppIcon;
				CODE_SIGN_STYLE = Automatic;
				DEVELOPMENT_TEAM = NG87J4X424;
				INFOPLIST_FILE = DeanzaClassRegister/Info.plist;
				IPHONEOS_DEPLOYMENT_TARGET = 11.3;
				LD_RUNPATH_SEARCH_PATHS = (
					"$(inherited)",
					"@executable_path/Frameworks",
				);
				PRODUCT_BUNDLE_IDENTIFIER = Alvin.DeanzaClassRegister;
				PRODUCT_NAME = "$(TARGET_NAME)";
				SWIFT_VERSION = 4.2;
				TARGETED_DEVICE_FAMILY = "1,2";
			};
			name = Release;
		};
/* End XCBuildConfiguration section */

/* Begin XCConfigurationList section */
		E13EE0B720E3100800BBD60D /* Build configuration list for PBXProject "DeanzaClassRegister" */ = {
			isa = XCConfigurationList;
			buildConfigurations = (
				E13EE0CF20E3100C00BBD60D /* Debug */,
				E13EE0D020E3100C00BBD60D /* Release */,
			);
			defaultConfigurationIsVisible = 0;
			defaultConfigurationName = Release;
		};
		E13EE0D120E3100C00BBD60D /* Build configuration list for PBXNativeTarget "DeanzaClassRegister" */ = {
			isa = XCConfigurationList;
			buildConfigurations = (
				E13EE0D220E3100C00BBD60D /* Debug */,
				E13EE0D320E3100C00BBD60D /* Release */,
			);
			defaultConfigurationIsVisible = 0;
			defaultConfigurationName = Release;
		};
/* End XCConfigurationList section */

/* Begin XCVersionGroup section */
		E13EE0C620E3100800BBD60D /* DeanzaClassRegister.xcdatamodeld */ = {
			isa = XCVersionGroup;
			children = (
				E13EE0C720E3100800BBD60D /* DeanzaClassRegister.xcdatamodel */,
			);
			currentVersion = E13EE0C720E3100800BBD60D /* DeanzaClassRegister.xcdatamodel */;
			path = DeanzaClassRegister.xcdatamodeld;
			sourceTree = "<group>";
			versionGroupType = wrapper.xcdatamodel;
		};
/* End XCVersionGroup section */
	};
	rootObject = E13EE0B420E3100800BBD60D /* Project object */;
}
